// !$*UTF8*$!
{
	archiveVersion = 1;
	classes = {
	};
	objectVersion = 56;
	objects = {

/* Begin PBXBuildFile section */
		420B02C22BB170650051A991 /* AppDelegate.swift in Sources */ = {isa = PBXBuildFile; fileRef = 420B02C12BB170650051A991 /* AppDelegate.swift */; };
		420B02C42BB170650051A991 /* SceneDelegate.swift in Sources */ = {isa = PBXBuildFile; fileRef = 420B02C32BB170650051A991 /* SceneDelegate.swift */; };
		420B02C92BB170650051A991 /* Base in Resources */ = {isa = PBXBuildFile; fileRef = 420B02C82BB170650051A991 /* Base */; };
		420B02CC2BB170650051A991 /* LastDays___memories_tracker.xcdatamodeld in Sources */ = {isa = PBXBuildFile; fileRef = 420B02CA2BB170650051A991 /* LastDays___memories_tracker.xcdatamodeld */; };
		420B02CE2BB170660051A991 /* Assets.xcassets in Resources */ = {isa = PBXBuildFile; fileRef = 420B02CD2BB170660051A991 /* Assets.xcassets */; };
		420B02D12BB170660051A991 /* Base in Resources */ = {isa = PBXBuildFile; fileRef = 420B02D02BB170660051A991 /* Base */; };
		423F94652BBECD490046444D /* Date+Extension.swift in Sources */ = {isa = PBXBuildFile; fileRef = 423F94632BBECD490046444D /* Date+Extension.swift */; };
		423F94682BBECD5F0046444D /* Memory.swift in Sources */ = {isa = PBXBuildFile; fileRef = 423F94662BBECD5F0046444D /* Memory.swift */; };
		423F946D2BBECD730046444D /* ListMemoriesTableViewCell.swift in Sources */ = {isa = PBXBuildFile; fileRef = 423F94692BBECD730046444D /* ListMemoriesTableViewCell.swift */; };
		423F946E2BBECD730046444D /* ListMemoriesViewController.swift in Sources */ = {isa = PBXBuildFile; fileRef = 423F946A2BBECD730046444D /* ListMemoriesViewController.swift */; };
		423F94712BBECD7E0046444D /* EditMemoriesViewController.swift in Sources */ = {isa = PBXBuildFile; fileRef = 423F946F2BBECD7E0046444D /* EditMemoriesViewController.swift */; };
		423F94722BBECDAC0046444D /* Main.storyboard in Resources */ = {isa = PBXBuildFile; fileRef = 420B02C72BB170650051A991 /* Main.storyboard */; };
		423F94742BBED0DA0046444D /* ViewController.swift in Sources */ = {isa = PBXBuildFile; fileRef = 423F94732BBED0DA0046444D /* ViewController.swift */; };
/* End PBXBuildFile section */

/* Begin PBXFileReference section */
		420B02BE2BB170650051A991 /* LastDays - memories tracker.app */ = {isa = PBXFileReference; explicitFileType = wrapper.application; includeInIndex = 0; path = "LastDays - memories tracker.app"; sourceTree = BUILT_PRODUCTS_DIR; };
		420B02C12BB170650051A991 /* AppDelegate.swift */ = {isa = PBXFileReference; lastKnownFileType = sourcecode.swift; path = AppDelegate.swift; sourceTree = "<group>"; };
		420B02C32BB170650051A991 /* SceneDelegate.swift */ = {isa = PBXFileReference; lastKnownFileType = sourcecode.swift; path = SceneDelegate.swift; sourceTree = "<group>"; };
		420B02C82BB170650051A991 /* Base */ = {isa = PBXFileReference; lastKnownFileType = file.storyboard; name = Base; path = Base.lproj/Main.storyboard; sourceTree = "<group>"; };
		420B02CB2BB170650051A991 /* LastDays___memories_tracker.xcdatamodel */ = {isa = PBXFileReference; lastKnownFileType = wrapper.xcdatamodel; path = "LastDays___memories_tracker.xcdatamodel"; sourceTree = "<group>"; };
		420B02CD2BB170660051A991 /* Assets.xcassets */ = {isa = PBXFileReference; lastKnownFileType = folder.assetcatalog; path = Assets.xcassets; sourceTree = "<group>"; };
		420B02D02BB170660051A991 /* Base */ = {isa = PBXFileReference; lastKnownFileType = file.storyboard; name = Base; path = Base.lproj/LaunchScreen.storyboard; sourceTree = "<group>"; };
		420B02D22BB170660051A991 /* Info.plist */ = {isa = PBXFileReference; lastKnownFileType = text.plist.xml; path = Info.plist; sourceTree = "<group>"; };
		423F94632BBECD490046444D /* Date+Extension.swift */ = {isa = PBXFileReference; fileEncoding = 4; lastKnownFileType = sourcecode.swift; path = "Date+Extension.swift"; sourceTree = "<group>"; };
		423F94662BBECD5F0046444D /* Memory.swift */ = {isa = PBXFileReference; fileEncoding = 4; lastKnownFileType = sourcecode.swift; path = Memory.swift; sourceTree = "<group>"; };
		423F94692BBECD730046444D /* ListMemoriesTableViewCell.swift */ = {isa = PBXFileReference; fileEncoding = 4; lastKnownFileType = sourcecode.swift; path = ListMemoriesTableViewCell.swift; sourceTree = "<group>"; };
		423F946A2BBECD730046444D /* ListMemoriesViewController.swift */ = {isa = PBXFileReference; fileEncoding = 4; lastKnownFileType = sourcecode.swift; path = ListMemoriesViewController.swift; sourceTree = "<group>"; };
		423F946F2BBECD7E0046444D /* EditMemoriesViewController.swift */ = {isa = PBXFileReference; fileEncoding = 4; lastKnownFileType = sourcecode.swift; path = EditMemoriesViewController.swift; sourceTree = "<group>"; };
		423F94732BBED0DA0046444D /* ViewController.swift */ = {isa = PBXFileReference; lastKnownFileType = sourcecode.swift; path = ViewController.swift; sourceTree = "<group>"; };
/* End PBXFileReference section */

/* Begin PBXFrameworksBuildPhase section */
		420B02BB2BB170650051A991 /* Frameworks */ = {
			isa = PBXFrameworksBuildPhase;
			buildActionMask = 2147483647;
			files = (
			);
			runOnlyForDeploymentPostprocessing = 0;
		};
/* End PBXFrameworksBuildPhase section */

/* Begin PBXGroup section */
		420B02B52BB170650051A991 = {
			isa = PBXGroup;
			children = (
				420B02C02BB170650051A991 /* LastDays - memories tracker */,
				420B02BF2BB170650051A991 /* Products */,
			);
			sourceTree = "<group>";
		};
		420B02BF2BB170650051A991 /* Products */ = {
			isa = PBXGroup;
			children = (
				420B02BE2BB170650051A991 /* LastDays - memories tracker.app */,
			);
			name = Products;
			sourceTree = "<group>";
		};
		420B02C02BB170650051A991 /* LastDays - memories tracker */ = {
			isa = PBXGroup;
			children = (
				420B02C12BB170650051A991 /* AppDelegate.swift */,
				420B02C32BB170650051A991 /* SceneDelegate.swift */,
				423F94732BBED0DA0046444D /* ViewController.swift */,
				420B02C72BB170650051A991 /* Main.storyboard */,
				420B02CD2BB170660051A991 /* Assets.xcassets */,
				420B02CF2BB170660051A991 /* LaunchScreen.storyboard */,
				423F94642BBECD490046444D /* Expensions */,
				423F94672BBECD5F0046444D /* Models */,
				423F946C2BBECD730046444D /* Views */,
				423F94702BBECD7E0046444D /* EditMemo */,
				420B02D22BB170660051A991 /* Info.plist */,
				420B02CA2BB170650051A991 /* LastDays___memories_tracker.xcdatamodeld */,
			);
			path = "LastDays - memories tracker";
			sourceTree = "<group>";
		};
		423F94642BBECD490046444D /* Expensions */ = {
			isa = PBXGroup;
			children = (
				423F94632BBECD490046444D /* Date+Extension.swift */,
			);
			path = Expensions;
			sourceTree = "<group>";
		};
		423F94672BBECD5F0046444D /* Models */ = {
			isa = PBXGroup;
			children = (
				423F94662BBECD5F0046444D /* Memory.swift */,
			);
			path = Models;
			sourceTree = "<group>";
		};
		423F946B2BBECD730046444D /* ListNotes */ = {
			isa = PBXGroup;
			children = (
				423F94692BBECD730046444D /* ListMemoriesTableViewCell.swift */,
				423F946A2BBECD730046444D /* ListMemoriesViewController.swift */,
			);
			path = ListNotes;
			sourceTree = "<group>";
		};
		423F946C2BBECD730046444D /* Views */ = {
			isa = PBXGroup;
			children = (
				423F946B2BBECD730046444D /* ListNotes */,
			);
			path = Views;
			sourceTree = "<group>";
		};
		423F94702BBECD7E0046444D /* EditMemo */ = {
			isa = PBXGroup;
			children = (
				423F946F2BBECD7E0046444D /* EditMemoriesViewController.swift */,
			);
			path = EditMemo;
			sourceTree = "<group>";
		};
/* End PBXGroup section */

/* Begin PBXNativeTarget section */
		420B02BD2BB170650051A991 /* LastDays - memories tracker */ = {
			isa = PBXNativeTarget;
			buildConfigurationList = 420B02D52BB170660051A991 /* Build configuration list for PBXNativeTarget "LastDays - memories tracker" */;
			buildPhases = (
				420B02BA2BB170650051A991 /* Sources */,
				420B02BB2BB170650051A991 /* Frameworks */,
				420B02BC2BB170650051A991 /* Resources */,
			);
			buildRules = (
			);
			dependencies = (
			);
			name = "LastDays - memories tracker";
			productName = "LastDays - memories tracker";
			productReference = 420B02BE2BB170650051A991 /* LastDays - memories tracker.app */;
			productType = "com.apple.product-type.application";
		};
/* End PBXNativeTarget section */

/* Begin PBXProject section */
		420B02B62BB170650051A991 /* Project object */ = {
			isa = PBXProject;
			attributes = {
				BuildIndependentTargetsInParallel = 1;
				LastSwiftUpdateCheck = 1530;
				LastUpgradeCheck = 1530;
				TargetAttributes = {
					420B02BD2BB170650051A991 = {
						CreatedOnToolsVersion = 15.3;
					};
				};
			};
			buildConfigurationList = 420B02B92BB170650051A991 /* Build configuration list for PBXProject "LastDays - memories tracker" */;
			compatibilityVersion = "Xcode 14.0";
			developmentRegion = en;
			hasScannedForEncodings = 0;
			knownRegions = (
				en,
				Base,
			);
			mainGroup = 420B02B52BB170650051A991;
			productRefGroup = 420B02BF2BB170650051A991 /* Products */;
			projectDirPath = "";
			projectRoot = "";
			targets = (
				420B02BD2BB170650051A991 /* LastDays - memories tracker */,
			);
		};
/* End PBXProject section */

/* Begin PBXResourcesBuildPhase section */
		420B02BC2BB170650051A991 /* Resources */ = {
			isa = PBXResourcesBuildPhase;
			buildActionMask = 2147483647;
			files = (
				420B02CE2BB170660051A991 /* Assets.xcassets in Resources */,
				420B02D12BB170660051A991 /* Base in Resources */,
				420B02C92BB170650051A991 /* Base in Resources */,
				423F94722BBECDAC0046444D /* Main.storyboard in Resources */,
			);
			runOnlyForDeploymentPostprocessing = 0;
		};
/* End PBXResourcesBuildPhase section */

/* Begin PBXSourcesBuildPhase section */
		420B02BA2BB170650051A991 /* Sources */ = {
			isa = PBXSourcesBuildPhase;
			buildActionMask = 2147483647;
			files = (
				423F94682BBECD5F0046444D /* Memory.swift in Sources */,
				423F94652BBECD490046444D /* Date+Extension.swift in Sources */,
				420B02C22BB170650051A991 /* AppDelegate.swift in Sources */,
				423F94742BBED0DA0046444D /* ViewController.swift in Sources */,
				420B02CC2BB170650051A991 /* LastDays___memories_tracker.xcdatamodeld in Sources */,
				423F94712BBECD7E0046444D /* EditMemoriesViewController.swift in Sources */,
				420B02C42BB170650051A991 /* SceneDelegate.swift in Sources */,
				423F946E2BBECD730046444D /* ListMemoriesViewController.swift in Sources */,
				423F946D2BBECD730046444D /* ListMemoriesTableViewCell.swift in Sources */,
			);
			runOnlyForDeploymentPostprocessing = 0;
		};
/* End PBXSourcesBuildPhase section */

/* Begin PBXVariantGroup section */
		420B02C72BB170650051A991 /* Main.storyboard */ = {
			isa = PBXVariantGroup;
			children = (
				420B02C82BB170650051A991 /* Base */,
			);
			name = Main.storyboard;
			sourceTree = "<group>";
		};
		420B02CF2BB170660051A991 /* LaunchScreen.storyboard */ = {
			isa = PBXVariantGroup;
			children = (
				420B02D02BB170660051A991 /* Base */,
			);
			name = LaunchScreen.storyboard;
			sourceTree = "<group>";
		};
/* End PBXVariantGroup section */

/* Begin XCBuildConfiguration section */
		420B02D32BB170660051A991 /* Debug */ = {
			isa = XCBuildConfiguration;
			buildSettings = {
				ALWAYS_SEARCH_USER_PATHS = NO;
				ASSETCATALOG_COMPILER_GENERATE_SWIFT_ASSET_SYMBOL_EXTENSIONS = YES;
				CLANG_ANALYZER_NONNULL = YES;
				CLANG_ANALYZER_NUMBER_OBJECT_CONVERSION = YES_AGGRESSIVE;
				CLANG_CXX_LANGUAGE_STANDARD = "gnu++20";
				CLANG_ENABLE_MODULES = YES;
				CLANG_ENABLE_OBJC_ARC = YES;
				CLANG_ENABLE_OBJC_WEAK = YES;
				CLANG_WARN_BLOCK_CAPTURE_AUTORELEASING = YES;
				CLANG_WARN_BOOL_CONVERSION = YES;
				CLANG_WARN_COMMA = YES;
				CLANG_WARN_CONSTANT_CONVERSION = YES;
				CLANG_WARN_DEPRECATED_OBJC_IMPLEMENTATIONS = YES;
				CLANG_WARN_DIRECT_OBJC_ISA_USAGE = YES_ERROR;
				CLANG_WARN_DOCUMENTATION_COMMENTS = YES;
				CLANG_WARN_EMPTY_BODY = YES;
				CLANG_WARN_ENUM_CONVERSION = YES;
				CLANG_WARN_INFINITE_RECURSION = YES;
				CLANG_WARN_INT_CONVERSION = YES;
				CLANG_WARN_NON_LITERAL_NULL_CONVERSION = YES;
				CLANG_WARN_OBJC_IMPLICIT_RETAIN_SELF = YES;
				CLANG_WARN_OBJC_LITERAL_CONVERSION = YES;
				CLANG_WARN_OBJC_ROOT_CLASS = YES_ERROR;
				CLANG_WARN_QUOTED_INCLUDE_IN_FRAMEWORK_HEADER = YES;
				CLANG_WARN_RANGE_LOOP_ANALYSIS = YES;
				CLANG_WARN_STRICT_PROTOTYPES = YES;
				CLANG_WARN_SUSPICIOUS_MOVE = YES;
				CLANG_WARN_UNGUARDED_AVAILABILITY = YES_AGGRESSIVE;
				CLANG_WARN_UNREACHABLE_CODE = YES;
				CLANG_WARN__DUPLICATE_METHOD_MATCH = YES;
				COPY_PHASE_STRIP = NO;
				DEBUG_INFORMATION_FORMAT = dwarf;
				ENABLE_STRICT_OBJC_MSGSEND = YES;
				ENABLE_TESTABILITY = YES;
				ENABLE_USER_SCRIPT_SANDBOXING = YES;
				GCC_C_LANGUAGE_STANDARD = gnu17;
				GCC_DYNAMIC_NO_PIC = NO;
				GCC_NO_COMMON_BLOCKS = YES;
				GCC_OPTIMIZATION_LEVEL = 0;
				GCC_PREPROCESSOR_DEFINITIONS = (
					"DEBUG=1",
					"$(inherited)",
				);
				GCC_WARN_64_TO_32_BIT_CONVERSION = YES;
				GCC_WARN_ABOUT_RETURN_TYPE = YES_ERROR;
				GCC_WARN_UNDECLARED_SELECTOR = YES;
				GCC_WARN_UNINITIALIZED_AUTOS = YES_AGGRESSIVE;
				GCC_WARN_UNUSED_FUNCTION = YES;
				GCC_WARN_UNUSED_VARIABLE = YES;
				IPHONEOS_DEPLOYMENT_TARGET = 17.4;
				LOCALIZATION_PREFERS_STRING_CATALOGS = YES;
				MTL_ENABLE_DEBUG_INFO = INCLUDE_SOURCE;
				MTL_FAST_MATH = YES;
				ONLY_ACTIVE_ARCH = YES;
				SDKROOT = iphoneos;
				SWIFT_ACTIVE_COMPILATION_CONDITIONS = "DEBUG $(inherited)";
				SWIFT_OPTIMIZATION_LEVEL = "-Onone";
			};
			name = Debug;
		};
		420B02D42BB170660051A991 /* Release */ = {
			isa = XCBuildConfiguration;
			buildSettings = {
				ALWAYS_SEARCH_USER_PATHS = NO;
				ASSETCATALOG_COMPILER_GENERATE_SWIFT_ASSET_SYMBOL_EXTENSIONS = YES;
				CLANG_ANALYZER_NONNULL = YES;
				CLANG_ANALYZER_NUMBER_OBJECT_CONVERSION = YES_AGGRESSIVE;
				CLANG_CXX_LANGUAGE_STANDARD = "gnu++20";
				CLANG_ENABLE_MODULES = YES;
				CLANG_ENABLE_OBJC_ARC = YES;
				CLANG_ENABLE_OBJC_WEAK = YES;
				CLANG_WARN_BLOCK_CAPTURE_AUTORELEASING = YES;
				CLANG_WARN_BOOL_CONVERSION = YES;
				CLANG_WARN_COMMA = YES;
				CLANG_WARN_CONSTANT_CONVERSION = YES;
				CLANG_WARN_DEPRECATED_OBJC_IMPLEMENTATIONS = YES;
				CLANG_WARN_DIRECT_OBJC_ISA_USAGE = YES_ERROR;
				CLANG_WARN_DOCUMENTATION_COMMENTS = YES;
				CLANG_WARN_EMPTY_BODY = YES;
				CLANG_WARN_ENUM_CONVERSION = YES;
				CLANG_WARN_INFINITE_RECURSION = YES;
				CLANG_WARN_INT_CONVERSION = YES;
				CLANG_WARN_NON_LITERAL_NULL_CONVERSION = YES;
				CLANG_WARN_OBJC_IMPLICIT_RETAIN_SELF = YES;
				CLANG_WARN_OBJC_LITERAL_CONVERSION = YES;
				CLANG_WARN_OBJC_ROOT_CLASS = YES_ERROR;
				CLANG_WARN_QUOTED_INCLUDE_IN_FRAMEWORK_HEADER = YES;
				CLANG_WARN_RANGE_LOOP_ANALYSIS = YES;
				CLANG_WARN_STRICT_PROTOTYPES = YES;
				CLANG_WARN_SUSPICIOUS_MOVE = YES;
				CLANG_WARN_UNGUARDED_AVAILABILITY = YES_AGGRESSIVE;
				CLANG_WARN_UNREACHABLE_CODE = YES;
				CLANG_WARN__DUPLICATE_METHOD_MATCH = YES;
				COPY_PHASE_STRIP = NO;
				DEBUG_INFORMATION_FORMAT = "dwarf-with-dsym";
				ENABLE_NS_ASSERTIONS = NO;
				ENABLE_STRICT_OBJC_MSGSEND = YES;
				ENABLE_USER_SCRIPT_SANDBOXING = YES;
				GCC_C_LANGUAGE_STANDARD = gnu17;
				GCC_NO_COMMON_BLOCKS = YES;
				GCC_WARN_64_TO_32_BIT_CONVERSION = YES;
				GCC_WARN_ABOUT_RETURN_TYPE = YES_ERROR;
				GCC_WARN_UNDECLARED_SELECTOR = YES;
				GCC_WARN_UNINITIALIZED_AUTOS = YES_AGGRESSIVE;
				GCC_WARN_UNUSED_FUNCTION = YES;
				GCC_WARN_UNUSED_VARIABLE = YES;
				IPHONEOS_DEPLOYMENT_TARGET = 17.4;
				LOCALIZATION_PREFERS_STRING_CATALOGS = YES;
				MTL_ENABLE_DEBUG_INFO = NO;
				MTL_FAST_MATH = YES;
				SDKROOT = iphoneos;
				SWIFT_COMPILATION_MODE = wholemodule;
				VALIDATE_PRODUCT = YES;
			};
			name = Release;
		};
		420B02D62BB170660051A991 /* Debug */ = {
			isa = XCBuildConfiguration;
			buildSettings = {
				ASSETCATALOG_COMPILER_APPICON_NAME = AppIcon;
				ASSETCATALOG_COMPILER_GLOBAL_ACCENT_COLOR_NAME = AccentColor;
				CODE_SIGN_STYLE = Automatic;
				CURRENT_PROJECT_VERSION = 1;
				DEVELOPMENT_TEAM = QAGBHKWFD8;
				GENERATE_INFOPLIST_FILE = YES;
				INFOPLIST_FILE = "LastDays - memories tracker/Info.plist";
				INFOPLIST_KEY_LSApplicationCategoryType = "public.app-category.lifestyle";
				INFOPLIST_KEY_UIApplicationSupportsIndirectInputEvents = YES;
				INFOPLIST_KEY_UILaunchStoryboardName = LaunchScreen;
				INFOPLIST_KEY_UIMainStoryboardFile = Main;
				INFOPLIST_KEY_UISupportedInterfaceOrientations_iPad = "UIInterfaceOrientationPortrait UIInterfaceOrientationPortraitUpsideDown UIInterfaceOrientationLandscapeLeft UIInterfaceOrientationLandscapeRight";
				INFOPLIST_KEY_UISupportedInterfaceOrientations_iPhone = "UIInterfaceOrientationPortrait UIInterfaceOrientationLandscapeLeft UIInterfaceOrientationLandscapeRight";
				LD_RUNPATH_SEARCH_PATHS = (
					"$(inherited)",
					"@executable_path/Frameworks",
				);
				MARKETING_VERSION = 1.0;
				PRODUCT_BUNDLE_IDENTIFIER = "com.fije.LastDays---memories-tracker";
				PRODUCT_NAME = "$(TARGET_NAME)";
				SWIFT_EMIT_LOC_STRINGS = YES;
				SWIFT_VERSION = 5.0;
				TARGETED_DEVICE_FAMILY = "1,2";
			};
			name = Debug;
		};
		420B02D72BB170660051A991 /* Release */ = {
			isa = XCBuildConfiguration;
			buildSettings = {
				ASSETCATALOG_COMPILER_APPICON_NAME = AppIcon;
				ASSETCATALOG_COMPILER_GLOBAL_ACCENT_COLOR_NAME = AccentColor;
				CODE_SIGN_STYLE = Automatic;
				CURRENT_PROJECT_VERSION = 1;
				DEVELOPMENT_TEAM = QAGBHKWFD8;
				GENERATE_INFOPLIST_FILE = YES;
				INFOPLIST_FILE = "LastDays - memories tracker/Info.plist";
				INFOPLIST_KEY_LSApplicationCategoryType = "public.app-category.lifestyle";
				INFOPLIST_KEY_UIApplicationSupportsIndirectInputEvents = YES;
				INFOPLIST_KEY_UILaunchStoryboardName = LaunchScreen;
				INFOPLIST_KEY_UIMainStoryboardFile = Main;
				INFOPLIST_KEY_UISupportedInterfaceOrientations_iPad = "UIInterfaceOrientationPortrait UIInterfaceOrientationPortraitUpsideDown UIInterfaceOrientationLandscapeLeft UIInterfaceOrientationLandscapeRight";
				INFOPLIST_KEY_UISupportedInterfaceOrientations_iPhone = "UIInterfaceOrientationPortrait UIInterfaceOrientationLandscapeLeft UIInterfaceOrientationLandscapeRight";
				LD_RUNPATH_SEARCH_PATHS = (
					"$(inherited)",
					"@executable_path/Frameworks",
				);
				MARKETING_VERSION = 1.0;
				PRODUCT_BUNDLE_IDENTIFIER = "com.fije.LastDays---memories-tracker";
				PRODUCT_NAME = "$(TARGET_NAME)";
				SWIFT_EMIT_LOC_STRINGS = YES;
				SWIFT_VERSION = 5.0;
				TARGETED_DEVICE_FAMILY = "1,2";
			};
			name = Release;
		};
/* End XCBuildConfiguration section */

/* Begin XCConfigurationList section */
		420B02B92BB170650051A991 /* Build configuration list for PBXProject "LastDays - memories tracker" */ = {
			isa = XCConfigurationList;
			buildConfigurations = (
				420B02D32BB170660051A991 /* Debug */,
				420B02D42BB170660051A991 /* Release */,
			);
			defaultConfigurationIsVisible = 0;
			defaultConfigurationName = Release;
		};
		420B02D52BB170660051A991 /* Build configuration list for PBXNativeTarget "LastDays - memories tracker" */ = {
			isa = XCConfigurationList;
			buildConfigurations = (
				420B02D62BB170660051A991 /* Debug */,
				420B02D72BB170660051A991 /* Release */,
			);
			defaultConfigurationIsVisible = 0;
			defaultConfigurationName = Release;
		};
/* End XCConfigurationList section */

/* Begin XCVersionGroup section */
		420B02CA2BB170650051A991 /* LastDays___memories_tracker.xcdatamodeld */ = {
			isa = XCVersionGroup;
			children = (
				420B02CB2BB170650051A991 /* LastDays___memories_tracker.xcdatamodel */,
			);
			currentVersion = 420B02CB2BB170650051A991 /* LastDays___memories_tracker.xcdatamodel */;
			path = "LastDays___memories_tracker.xcdatamodeld";
			sourceTree = "<group>";
			versionGroupType = wrapper.xcdatamodel;
		};
/* End XCVersionGroup section */
	};
	rootObject = 420B02B62BB170650051A991 /* Project object */;
}
